
Microsoft Visual Studio Solution File, Format Version 12.00
# Visual Studio Version 17
VisualStudioVersion = 17.5.002.0
MinimumVisualStudioVersion = 10.0.40219.1
Project("{2150E333-8FDC-42A3-9474-1A3956D46DE8}") = "src", "src", "{87E5B36C-DD1B-4EBE-8D5E-331DB6FFF59A}"
EndProject
Project("{9A19103F-16F7-4668-BE54-9A1E7A4F7556}") = "Chirp.CLI", "src\Chirp.CLI\Chirp.CLI.csproj", "{5B8C3F16-1073-4384-A02D-C15A107D5A92}"
EndProject
Project("{9A19103F-16F7-4668-BE54-9A1E7A4F7556}") = "CSVDBService", "src\CSVDBService\CSVDBService.csproj", "{EC5F6CA1-28A7-445C-9571-E8A92E55C41A}"
EndProject
Project("{2150E333-8FDC-42A3-9474-1A3956D46DE8}") = "test", "test", "{D8E7E5CE-74C7-43F4-B97B-0B117B5E2E17}"
EndProject
Project("{9A19103F-16F7-4668-BE54-9A1E7A4F7556}") = "Chirp.CLI.Tests", "test\Chirp.CLI.Tests\Chirp.CLI.Tests.csproj", "{FCA0BE9C-0CE6-4DA4-8BBC-493C9D59157E}"
EndProject
Project("{9A19103F-16F7-4668-BE54-9A1E7A4F7556}") = "Chirp.SimpleDB.Tests", "test\Chirp.SimpleDB.Tests\Chirp.SimpleDB.Tests.csproj", "{674A7234-81A0-414E-8E1A-FEA8E7DA38FD}"
EndProject
Global
	GlobalSection(SolutionConfigurationPlatforms) = preSolution
		Debug|Any CPU = Debug|Any CPU
		Release|Any CPU = Release|Any CPU
	EndGlobalSection
	GlobalSection(ProjectConfigurationPlatforms) = postSolution
		{5B8C3F16-1073-4384-A02D-C15A107D5A92}.Debug|Any CPU.ActiveCfg = Debug|Any CPU
		{5B8C3F16-1073-4384-A02D-C15A107D5A92}.Debug|Any CPU.Build.0 = Debug|Any CPU
		{5B8C3F16-1073-4384-A02D-C15A107D5A92}.Release|Any CPU.ActiveCfg = Release|Any CPU
		{5B8C3F16-1073-4384-A02D-C15A107D5A92}.Release|Any CPU.Build.0 = Release|Any CPU
		{EC5F6CA1-28A7-445C-9571-E8A92E55C41A}.Debug|Any CPU.ActiveCfg = Debug|Any CPU
		{EC5F6CA1-28A7-445C-9571-E8A92E55C41A}.Debug|Any CPU.Build.0 = Debug|Any CPU
		{EC5F6CA1-28A7-445C-9571-E8A92E55C41A}.Release|Any CPU.ActiveCfg = Release|Any CPU
		{EC5F6CA1-28A7-445C-9571-E8A92E55C41A}.Release|Any CPU.Build.0 = Release|Any CPU
		{FCA0BE9C-0CE6-4DA4-8BBC-493C9D59157E}.Debug|Any CPU.ActiveCfg = Debug|Any CPU
		{FCA0BE9C-0CE6-4DA4-8BBC-493C9D59157E}.Debug|Any CPU.Build.0 = Debug|Any CPU
		{FCA0BE9C-0CE6-4DA4-8BBC-493C9D59157E}.Release|Any CPU.ActiveCfg = Release|Any CPU
		{FCA0BE9C-0CE6-4DA4-8BBC-493C9D59157E}.Release|Any CPU.Build.0 = Release|Any CPU
		{674A7234-81A0-414E-8E1A-FEA8E7DA38FD}.Debug|Any CPU.ActiveCfg = Debug|Any CPU
		{674A7234-81A0-414E-8E1A-FEA8E7DA38FD}.Debug|Any CPU.Build.0 = Debug|Any CPU
		{674A7234-81A0-414E-8E1A-FEA8E7DA38FD}.Release|Any CPU.ActiveCfg = Release|Any CPU
		{674A7234-81A0-414E-8E1A-FEA8E7DA38FD}.Release|Any CPU.Build.0 = Release|Any CPU
	EndGlobalSection
	GlobalSection(SolutionProperties) = preSolution
		HideSolutionNode = FALSE
	EndGlobalSection
	GlobalSection(NestedProjects) = preSolution
		{5B8C3F16-1073-4384-A02D-C15A107D5A92} = {87E5B36C-DD1B-4EBE-8D5E-331DB6FFF59A}
		{EC5F6CA1-28A7-445C-9571-E8A92E55C41A} = {87E5B36C-DD1B-4EBE-8D5E-331DB6FFF59A}
		{FCA0BE9C-0CE6-4DA4-8BBC-493C9D59157E} = {D8E7E5CE-74C7-43F4-B97B-0B117B5E2E17}
		{674A7234-81A0-414E-8E1A-FEA8E7DA38FD} = {D8E7E5CE-74C7-43F4-B97B-0B117B5E2E17}
	EndGlobalSection
	GlobalSection(ExtensibilityGlobals) = postSolution
		SolutionGuid = {D546FB5F-BD36-4B8C-BB39-4779503405BA}
	EndGlobalSection
EndGlobal
