
Microsoft Visual Studio Solution File, Format Version 12.00
# Visual Studio Version 17
VisualStudioVersion = 17.5.002.0
MinimumVisualStudioVersion = 10.0.40219.1
Project("{2150E333-8FDC-42A3-9474-1A3956D46DE8}") = "test", "test", "{39EB212C-0C2C-46B0-96F5-1C4C8E36BBFD}"
EndProject
Project("{9A19103F-16F7-4668-BE54-9A1E7A4F7556}") = "Test_Utilities", "test\Test_Utilities\Test_Utilities.csproj", "{0EBC6432-2B87-4588-A654-18A7444D7F59}"
EndProject
Project("{9A19103F-16F7-4668-BE54-9A1E7A4F7556}") = "Chirp.InfrastructureTests", "test\Chirp.InfrastructureTests\Chirp.InfrastructureTests.csproj", "{7A15EC82-739C-42DB-A2F0-004D474CEE0C}"
EndProject
Project("{9A19103F-16F7-4668-BE54-9A1E7A4F7556}") = "Chirp.WebTests", "test\Chirp.WebTests\Chirp.WebTests.csproj", "{A0761364-4BF9-4572-B00A-B44EAC6D8A90}"
EndProject
Project("{9A19103F-16F7-4668-BE54-9A1E7A4F7556}") = "Chirp.CoreTests", "test\Chirp.CoreTests\Chirp.CoreTests.csproj", "{29CFE911-59E0-4350-805C-CF67BDD99613}"
EndProject
Project("{2150E333-8FDC-42A3-9474-1A3956D46DE8}") = "src", "src", "{0A1F08C7-AED7-4B23-A936-7E90BE3817FC}"
EndProject
Project("{9A19103F-16F7-4668-BE54-9A1E7A4F7556}") = "Chirp.Infrastructure", "src\Chirp.Infrastructure\Chirp.Infrastructure.csproj", "{5194AAB9-D6B3-4475-B349-F82C48C31BF8}"
EndProject
Project("{9A19103F-16F7-4668-BE54-9A1E7A4F7556}") = "Chirp.Core", "src\Chirp.Core\Chirp.Core.csproj", "{9E76471F-9F75-4A2A-B907-A33B67989FF0}"
EndProject
Project("{9A19103F-16F7-4668-BE54-9A1E7A4F7556}") = "Chirp.Web", "src\Chirp.Web\Chirp.Web.csproj", "{4E160BB7-37CD-4A28-8177-3DBCE16C7C6C}"
EndProject
Global
	GlobalSection(SolutionConfigurationPlatforms) = preSolution
		Debug|Any CPU = Debug|Any CPU
		Release|Any CPU = Release|Any CPU
	EndGlobalSection
	GlobalSection(ProjectConfigurationPlatforms) = postSolution
		{0EBC6432-2B87-4588-A654-18A7444D7F59}.Debug|Any CPU.ActiveCfg = Debug|Any CPU
		{0EBC6432-2B87-4588-A654-18A7444D7F59}.Debug|Any CPU.Build.0 = Debug|Any CPU
		{0EBC6432-2B87-4588-A654-18A7444D7F59}.Release|Any CPU.ActiveCfg = Release|Any CPU
		{0EBC6432-2B87-4588-A654-18A7444D7F59}.Release|Any CPU.Build.0 = Release|Any CPU
		{7A15EC82-739C-42DB-A2F0-004D474CEE0C}.Debug|Any CPU.ActiveCfg = Debug|Any CPU
		{7A15EC82-739C-42DB-A2F0-004D474CEE0C}.Debug|Any CPU.Build.0 = Debug|Any CPU
		{7A15EC82-739C-42DB-A2F0-004D474CEE0C}.Release|Any CPU.ActiveCfg = Release|Any CPU
		{7A15EC82-739C-42DB-A2F0-004D474CEE0C}.Release|Any CPU.Build.0 = Release|Any CPU
		{A0761364-4BF9-4572-B00A-B44EAC6D8A90}.Debug|Any CPU.ActiveCfg = Debug|Any CPU
		{A0761364-4BF9-4572-B00A-B44EAC6D8A90}.Debug|Any CPU.Build.0 = Debug|Any CPU
		{A0761364-4BF9-4572-B00A-B44EAC6D8A90}.Release|Any CPU.ActiveCfg = Release|Any CPU
		{A0761364-4BF9-4572-B00A-B44EAC6D8A90}.Release|Any CPU.Build.0 = Release|Any CPU
		{29CFE911-59E0-4350-805C-CF67BDD99613}.Debug|Any CPU.ActiveCfg = Debug|Any CPU
		{29CFE911-59E0-4350-805C-CF67BDD99613}.Debug|Any CPU.Build.0 = Debug|Any CPU
		{29CFE911-59E0-4350-805C-CF67BDD99613}.Release|Any CPU.ActiveCfg = Release|Any CPU
		{29CFE911-59E0-4350-805C-CF67BDD99613}.Release|Any CPU.Build.0 = Release|Any CPU
		{5194AAB9-D6B3-4475-B349-F82C48C31BF8}.Debug|Any CPU.ActiveCfg = Debug|Any CPU
		{5194AAB9-D6B3-4475-B349-F82C48C31BF8}.Debug|Any CPU.Build.0 = Debug|Any CPU
		{5194AAB9-D6B3-4475-B349-F82C48C31BF8}.Release|Any CPU.ActiveCfg = Release|Any CPU
		{5194AAB9-D6B3-4475-B349-F82C48C31BF8}.Release|Any CPU.Build.0 = Release|Any CPU
		{9E76471F-9F75-4A2A-B907-A33B67989FF0}.Debug|Any CPU.ActiveCfg = Debug|Any CPU
		{9E76471F-9F75-4A2A-B907-A33B67989FF0}.Debug|Any CPU.Build.0 = Debug|Any CPU
		{9E76471F-9F75-4A2A-B907-A33B67989FF0}.Release|Any CPU.ActiveCfg = Release|Any CPU
		{9E76471F-9F75-4A2A-B907-A33B67989FF0}.Release|Any CPU.Build.0 = Release|Any CPU
		{4E160BB7-37CD-4A28-8177-3DBCE16C7C6C}.Debug|Any CPU.ActiveCfg = Debug|Any CPU
		{4E160BB7-37CD-4A28-8177-3DBCE16C7C6C}.Debug|Any CPU.Build.0 = Debug|Any CPU
		{4E160BB7-37CD-4A28-8177-3DBCE16C7C6C}.Release|Any CPU.ActiveCfg = Release|Any CPU
		{4E160BB7-37CD-4A28-8177-3DBCE16C7C6C}.Release|Any CPU.Build.0 = Release|Any CPU
	EndGlobalSection
	GlobalSection(SolutionProperties) = preSolution
		HideSolutionNode = FALSE
	EndGlobalSection
	GlobalSection(NestedProjects) = preSolution
		{0EBC6432-2B87-4588-A654-18A7444D7F59} = {39EB212C-0C2C-46B0-96F5-1C4C8E36BBFD}
		{7A15EC82-739C-42DB-A2F0-004D474CEE0C} = {39EB212C-0C2C-46B0-96F5-1C4C8E36BBFD}
		{A0761364-4BF9-4572-B00A-B44EAC6D8A90} = {39EB212C-0C2C-46B0-96F5-1C4C8E36BBFD}
		{29CFE911-59E0-4350-805C-CF67BDD99613} = {39EB212C-0C2C-46B0-96F5-1C4C8E36BBFD}
		{5194AAB9-D6B3-4475-B349-F82C48C31BF8} = {0A1F08C7-AED7-4B23-A936-7E90BE3817FC}
		{9E76471F-9F75-4A2A-B907-A33B67989FF0} = {0A1F08C7-AED7-4B23-A936-7E90BE3817FC}
		{4E160BB7-37CD-4A28-8177-3DBCE16C7C6C} = {0A1F08C7-AED7-4B23-A936-7E90BE3817FC}
	EndGlobalSection
	GlobalSection(ExtensibilityGlobals) = postSolution
		SolutionGuid = {E65AEE71-4A2E-4D9D-8E85-5C106374EA29}
	EndGlobalSection
EndGlobal
