
Microsoft Visual Studio Solution File, Format Version 12.00
# Visual Studio Version 17
VisualStudioVersion = 17.5.002.0
MinimumVisualStudioVersion = 10.0.40219.1
Project("{2150E333-8FDC-42A3-9474-1A3956D46DE8}") = "test", "test", "{C580B86E-9DFE-4FE4-AC1F-4410BDE521E5}"
EndProject
Project("{FAE04EC0-301F-11D3-BF4B-00C04F79EFBC}") = "Chirp.SimpleDB.Tests", "test\Chirp.SimpleDB.Tests\Chirp.SimpleDB.Tests.csproj", "{4EA87194-998F-416D-8DEC-FBAB472E295B}"
EndProject
Project("{FAE04EC0-301F-11D3-BF4B-00C04F79EFBC}") = "Chirp.CLI.Tests", "test\Chirp.CLI.Tests\Chirp.CLI.Tests.csproj", "{2A08F596-7227-418E-BE0B-C9B32DA3C00B}"
EndProject
Project("{2150E333-8FDC-42A3-9474-1A3956D46DE8}") = "src", "src", "{2D0E1842-0385-4BD3-892C-7FBD93BF4809}"
EndProject
Project("{FAE04EC0-301F-11D3-BF4B-00C04F79EFBC}") = "Chirp.CLI", "src\Chirp.CLI\Chirp.CLI.csproj", "{51B2AC7B-CB60-42FC-9992-623A9B8263BA}"
EndProject
Global
	GlobalSection(SolutionConfigurationPlatforms) = preSolution
		Debug|Any CPU = Debug|Any CPU
		Release|Any CPU = Release|Any CPU
	EndGlobalSection
	GlobalSection(ProjectConfigurationPlatforms) = postSolution
		{4EA87194-998F-416D-8DEC-FBAB472E295B}.Debug|Any CPU.ActiveCfg = Debug|Any CPU
		{4EA87194-998F-416D-8DEC-FBAB472E295B}.Debug|Any CPU.Build.0 = Debug|Any CPU
		{4EA87194-998F-416D-8DEC-FBAB472E295B}.Release|Any CPU.ActiveCfg = Release|Any CPU
		{4EA87194-998F-416D-8DEC-FBAB472E295B}.Release|Any CPU.Build.0 = Release|Any CPU
		{2A08F596-7227-418E-BE0B-C9B32DA3C00B}.Debug|Any CPU.ActiveCfg = Debug|Any CPU
		{2A08F596-7227-418E-BE0B-C9B32DA3C00B}.Debug|Any CPU.Build.0 = Debug|Any CPU
		{2A08F596-7227-418E-BE0B-C9B32DA3C00B}.Release|Any CPU.ActiveCfg = Release|Any CPU
		{2A08F596-7227-418E-BE0B-C9B32DA3C00B}.Release|Any CPU.Build.0 = Release|Any CPU
		{51B2AC7B-CB60-42FC-9992-623A9B8263BA}.Debug|Any CPU.ActiveCfg = Debug|Any CPU
		{51B2AC7B-CB60-42FC-9992-623A9B8263BA}.Debug|Any CPU.Build.0 = Debug|Any CPU
		{51B2AC7B-CB60-42FC-9992-623A9B8263BA}.Release|Any CPU.ActiveCfg = Release|Any CPU
		{51B2AC7B-CB60-42FC-9992-623A9B8263BA}.Release|Any CPU.Build.0 = Release|Any CPU
		{EEB8849B-5DAF-4866-82F6-5FABFF0B528C}.Debug|Any CPU.ActiveCfg = Debug|Any CPU
		{EEB8849B-5DAF-4866-82F6-5FABFF0B528C}.Debug|Any CPU.Build.0 = Debug|Any CPU
		{EEB8849B-5DAF-4866-82F6-5FABFF0B528C}.Release|Any CPU.ActiveCfg = Release|Any CPU
		{EEB8849B-5DAF-4866-82F6-5FABFF0B528C}.Release|Any CPU.Build.0 = Release|Any CPU
	EndGlobalSection
	GlobalSection(SolutionProperties) = preSolution
		HideSolutionNode = FALSE
	EndGlobalSection
	GlobalSection(ExtensibilityGlobals) = postSolution
		SolutionGuid = {1D897AB4-2F9B-4235-BD23-9020D2503EC4}
	EndGlobalSection
	GlobalSection(NestedProjects) = preSolution
		{4EA87194-998F-416D-8DEC-FBAB472E295B} = {C580B86E-9DFE-4FE4-AC1F-4410BDE521E5}
		{2A08F596-7227-418E-BE0B-C9B32DA3C00B} = {C580B86E-9DFE-4FE4-AC1F-4410BDE521E5}
		{51B2AC7B-CB60-42FC-9992-623A9B8263BA} = {2D0E1842-0385-4BD3-892C-7FBD93BF4809}
		{EEB8849B-5DAF-4866-82F6-5FABFF0B528C} = {2D0E1842-0385-4BD3-892C-7FBD93BF4809}
	EndGlobalSection
EndGlobal
